
Microsoft Visual Studio Solution File, Format Version 12.00
# Visual Studio Version 17
VisualStudioVersion = 17.5.33530.505
MinimumVisualStudioVersion = 10.0.40219.1
Project("{8BC9CEB8-8B4A-11D0-8D11-00A0C91BC942}") = "laba4", "laba4\laba4.vcxproj", "{95CAB873-BEE0-4D6C-BF11-306C81114011}"
EndProject
Global
	GlobalSection(SolutionConfigurationPlatforms) = preSolution
		Debug|x64 = Debug|x64
		Debug|x86 = Debug|x86
		Release|x64 = Release|x64
		Release|x86 = Release|x86
	EndGlobalSection
	GlobalSection(ProjectConfigurationPlatforms) = postSolution
		{95CAB873-BEE0-4D6C-BF11-306C81114011}.Debug|x64.ActiveCfg = Debug|x64
		{95CAB873-BEE0-4D6C-BF11-306C81114011}.Debug|x64.Build.0 = Debug|x64
		{95CAB873-BEE0-4D6C-BF11-306C81114011}.Debug|x86.ActiveCfg = Debug|Win32
		{95CAB873-BEE0-4D6C-BF11-306C81114011}.Debug|x86.Build.0 = Debug|Win32
		{95CAB873-BEE0-4D6C-BF11-306C81114011}.Release|x64.ActiveCfg = Release|x64
		{95CAB873-BEE0-4D6C-BF11-306C81114011}.Release|x64.Build.0 = Release|x64
		{95CAB873-BEE0-4D6C-BF11-306C81114011}.Release|x86.ActiveCfg = Release|Win32
		{95CAB873-BEE0-4D6C-BF11-306C81114011}.Release|x86.Build.0 = Release|Win32
	EndGlobalSection
	GlobalSection(SolutionProperties) = preSolution
		HideSolutionNode = FALSE
	EndGlobalSection
	GlobalSection(ExtensibilityGlobals) = postSolution
		SolutionGuid = {508790B3-6E53-428D-8EF2-42F99145C8D2}
	EndGlobalSection
EndGlobal
